// !$*UTF8*$!
{
	archiveVersion = 1;
	classes = {
	};
	objectVersion = 50;
	objects = {

/* Begin PBXBuildFile section */
		B536F45B20E651DF00FC0185 /* main.cpp in Sources */ = {isa = PBXBuildFile; fileRef = B536F45A20E651DF00FC0185 /* main.cpp */; };
		B536F46320E6545500FC0185 /* DSets_DBSCAN.cpp in Sources */ = {isa = PBXBuildFile; fileRef = B536F46120E6545500FC0185 /* DSets_DBSCAN.cpp */; };
		B536F46620E6569300FC0185 /* clust_sim.cpp in Sources */ = {isa = PBXBuildFile; fileRef = B536F46420E6569300FC0185 /* clust_sim.cpp */; };
		B536F46920E6C9AC00FC0185 /* hist_eq.cpp in Sources */ = {isa = PBXBuildFile; fileRef = B536F46720E6C9AC00FC0185 /* hist_eq.cpp */; };
/* End PBXBuildFile section */

/* Begin PBXCopyFilesBuildPhase section */
		B536F45520E651DF00FC0185 /* CopyFiles */ = {
			isa = PBXCopyFilesBuildPhase;
			buildActionMask = 2147483647;
			dstPath = /usr/share/man/man1/;
			dstSubfolderSpec = 0;
			files = (
			);
			runOnlyForDeploymentPostprocessing = 1;
		};
/* End PBXCopyFilesBuildPhase section */

/* Begin PBXFileReference section */
		B536F45720E651DF00FC0185 /* DSets-DBSCAN */ = {isa = PBXFileReference; explicitFileType = "compiled.mach-o.executable"; includeInIndex = 0; path = "DSets-DBSCAN"; sourceTree = BUILT_PRODUCTS_DIR; };
		B536F45A20E651DF00FC0185 /* main.cpp */ = {isa = PBXFileReference; lastKnownFileType = sourcecode.cpp.cpp; path = main.cpp; sourceTree = "<group>"; };
		B536F46120E6545500FC0185 /* DSets_DBSCAN.cpp */ = {isa = PBXFileReference; lastKnownFileType = sourcecode.cpp.cpp; path = DSets_DBSCAN.cpp; sourceTree = "<group>"; };
		B536F46220E6545500FC0185 /* DSets_DBSCAN.hpp */ = {isa = PBXFileReference; lastKnownFileType = sourcecode.cpp.h; path = DSets_DBSCAN.hpp; sourceTree = "<group>"; };
		B536F46420E6569300FC0185 /* clust_sim.cpp */ = {isa = PBXFileReference; lastKnownFileType = sourcecode.cpp.cpp; path = clust_sim.cpp; sourceTree = "<group>"; };
		B536F46520E6569300FC0185 /* clust_sim.hpp */ = {isa = PBXFileReference; lastKnownFileType = sourcecode.cpp.h; path = clust_sim.hpp; sourceTree = "<group>"; };
		B536F46720E6C9AC00FC0185 /* hist_eq.cpp */ = {isa = PBXFileReference; lastKnownFileType = sourcecode.cpp.cpp; path = hist_eq.cpp; sourceTree = "<group>"; };
		B536F46820E6C9AC00FC0185 /* hist_eq.hpp */ = {isa = PBXFileReference; lastKnownFileType = sourcecode.cpp.h; path = hist_eq.hpp; sourceTree = "<group>"; };
/* End PBXFileReference section */

/* Begin PBXFrameworksBuildPhase section */
		B536F45420E651DF00FC0185 /* Frameworks */ = {
			isa = PBXFrameworksBuildPhase;
			buildActionMask = 2147483647;
			files = (
			);
			runOnlyForDeploymentPostprocessing = 0;
		};
/* End PBXFrameworksBuildPhase section */

/* Begin PBXGroup section */
		B536F44E20E651DF00FC0185 = {
			isa = PBXGroup;
			children = (
				B536F45920E651DF00FC0185 /* DSets-DBSCAN */,
				B536F45820E651DF00FC0185 /* Products */,
			);
			sourceTree = "<group>";
		};
		B536F45820E651DF00FC0185 /* Products */ = {
			isa = PBXGroup;
			children = (
				B536F45720E651DF00FC0185 /* DSets-DBSCAN */,
			);
			name = Products;
			sourceTree = "<group>";
		};
		B536F45920E651DF00FC0185 /* DSets-DBSCAN */ = {
			isa = PBXGroup;
			children = (
				B536F45A20E651DF00FC0185 /* main.cpp */,
				B536F46120E6545500FC0185 /* DSets_DBSCAN.cpp */,
				B536F46220E6545500FC0185 /* DSets_DBSCAN.hpp */,
				B536F46420E6569300FC0185 /* clust_sim.cpp */,
				B536F46520E6569300FC0185 /* clust_sim.hpp */,
				B536F46720E6C9AC00FC0185 /* hist_eq.cpp */,
				B536F46820E6C9AC00FC0185 /* hist_eq.hpp */,
			);
			path = "DSets-DBSCAN";
			sourceTree = "<group>";
		};
/* End PBXGroup section */

/* Begin PBXNativeTarget section */
		B536F45620E651DF00FC0185 /* DSets-DBSCAN */ = {
			isa = PBXNativeTarget;
			buildConfigurationList = B536F45E20E651DF00FC0185 /* Build configuration list for PBXNativeTarget "DSets-DBSCAN" */;
			buildPhases = (
				B536F45320E651DF00FC0185 /* Sources */,
				B536F45420E651DF00FC0185 /* Frameworks */,
				B536F45520E651DF00FC0185 /* CopyFiles */,
			);
			buildRules = (
			);
			dependencies = (
			);
			name = "DSets-DBSCAN";
			productName = "DSets-DBSCAN";
			productReference = B536F45720E651DF00FC0185 /* DSets-DBSCAN */;
			productType = "com.apple.product-type.tool";
		};
/* End PBXNativeTarget section */

/* Begin PBXProject section */
		B536F44F20E651DF00FC0185 /* Project object */ = {
			isa = PBXProject;
			attributes = {
				LastUpgradeCheck = 0940;
				ORGANIZATIONNAME = "Rui Ma";
				TargetAttributes = {
					B536F45620E651DF00FC0185 = {
						CreatedOnToolsVersion = 9.4.1;
					};
				};
			};
			buildConfigurationList = B536F45220E651DF00FC0185 /* Build configuration list for PBXProject "DSets-DBSCAN" */;
			compatibilityVersion = "Xcode 9.3";
			developmentRegion = en;
			hasScannedForEncodings = 0;
			knownRegions = (
				en,
			);
			mainGroup = B536F44E20E651DF00FC0185;
			productRefGroup = B536F45820E651DF00FC0185 /* Products */;
			projectDirPath = "";
			projectRoot = "";
			targets = (
				B536F45620E651DF00FC0185 /* DSets-DBSCAN */,
			);
		};
/* End PBXProject section */

/* Begin PBXSourcesBuildPhase section */
		B536F45320E651DF00FC0185 /* Sources */ = {
			isa = PBXSourcesBuildPhase;
			buildActionMask = 2147483647;
			files = (
				B536F46620E6569300FC0185 /* clust_sim.cpp in Sources */,
				B536F46920E6C9AC00FC0185 /* hist_eq.cpp in Sources */,
				B536F46320E6545500FC0185 /* DSets_DBSCAN.cpp in Sources */,
				B536F45B20E651DF00FC0185 /* main.cpp in Sources */,
			);
			runOnlyForDeploymentPostprocessing = 0;
		};
/* End PBXSourcesBuildPhase section */

/* Begin XCBuildConfiguration section */
		B536F45C20E651DF00FC0185 /* Debug */ = {
			isa = XCBuildConfiguration;
			buildSettings = {
				ALWAYS_SEARCH_USER_PATHS = NO;
				CLANG_ANALYZER_NONNULL = YES;
				CLANG_ANALYZER_NUMBER_OBJECT_CONVERSION = YES_AGGRESSIVE;
				CLANG_CXX_LANGUAGE_STANDARD = "gnu++14";
				CLANG_CXX_LIBRARY = "libc++";
				CLANG_ENABLE_MODULES = YES;
				CLANG_ENABLE_OBJC_ARC = YES;
				CLANG_ENABLE_OBJC_WEAK = YES;
				CLANG_WARN_BLOCK_CAPTURE_AUTORELEASING = YES;
				CLANG_WARN_BOOL_CONVERSION = YES;
				CLANG_WARN_COMMA = YES;
				CLANG_WARN_CONSTANT_CONVERSION = YES;
				CLANG_WARN_DEPRECATED_OBJC_IMPLEMENTATIONS = YES;
				CLANG_WARN_DIRECT_OBJC_ISA_USAGE = YES_ERROR;
				CLANG_WARN_DOCUMENTATION_COMMENTS = YES;
				CLANG_WARN_EMPTY_BODY = YES;
				CLANG_WARN_ENUM_CONVERSION = YES;
				CLANG_WARN_INFINITE_RECURSION = YES;
				CLANG_WARN_INT_CONVERSION = YES;
				CLANG_WARN_NON_LITERAL_NULL_CONVERSION = YES;
				CLANG_WARN_OBJC_IMPLICIT_RETAIN_SELF = YES;
				CLANG_WARN_OBJC_LITERAL_CONVERSION = YES;
				CLANG_WARN_OBJC_ROOT_CLASS = YES_ERROR;
				CLANG_WARN_RANGE_LOOP_ANALYSIS = YES;
				CLANG_WARN_STRICT_PROTOTYPES = YES;
				CLANG_WARN_SUSPICIOUS_MOVE = YES;
				CLANG_WARN_UNGUARDED_AVAILABILITY = YES_AGGRESSIVE;
				CLANG_WARN_UNREACHABLE_CODE = YES;
				CLANG_WARN__DUPLICATE_METHOD_MATCH = YES;
				CODE_SIGN_IDENTITY = "-";
				COPY_PHASE_STRIP = NO;
				DEBUG_INFORMATION_FORMAT = dwarf;
				ENABLE_STRICT_OBJC_MSGSEND = YES;
				ENABLE_TESTABILITY = YES;
				GCC_C_LANGUAGE_STANDARD = gnu11;
				GCC_DYNAMIC_NO_PIC = NO;
				GCC_NO_COMMON_BLOCKS = YES;
				GCC_OPTIMIZATION_LEVEL = 0;
				GCC_PREPROCESSOR_DEFINITIONS = (
					"DEBUG=1",
					"$(inherited)",
				);
				GCC_WARN_64_TO_32_BIT_CONVERSION = YES;
				GCC_WARN_ABOUT_RETURN_TYPE = YES_ERROR;
				GCC_WARN_UNDECLARED_SELECTOR = YES;
				GCC_WARN_UNINITIALIZED_AUTOS = YES_AGGRESSIVE;
				GCC_WARN_UNUSED_FUNCTION = YES;
				GCC_WARN_UNUSED_VARIABLE = YES;
				MACOSX_DEPLOYMENT_TARGET = 10.13;
				MTL_ENABLE_DEBUG_INFO = YES;
				ONLY_ACTIVE_ARCH = YES;
				SDKROOT = macosx;
			};
			name = Debug;
		};
		B536F45D20E651DF00FC0185 /* Release */ = {
			isa = XCBuildConfiguration;
			buildSettings = {
				ALWAYS_SEARCH_USER_PATHS = NO;
				CLANG_ANALYZER_NONNULL = YES;
				CLANG_ANALYZER_NUMBER_OBJECT_CONVERSION = YES_AGGRESSIVE;
				CLANG_CXX_LANGUAGE_STANDARD = "gnu++14";
				CLANG_CXX_LIBRARY = "libc++";
				CLANG_ENABLE_MODULES = YES;
				CLANG_ENABLE_OBJC_ARC = YES;
				CLANG_ENABLE_OBJC_WEAK = YES;
				CLANG_WARN_BLOCK_CAPTURE_AUTORELEASING = YES;
				CLANG_WARN_BOOL_CONVERSION = YES;
				CLANG_WARN_COMMA = YES;
				CLANG_WARN_CONSTANT_CONVERSION = YES;
				CLANG_WARN_DEPRECATED_OBJC_IMPLEMENTATIONS = YES;
				CLANG_WARN_DIRECT_OBJC_ISA_USAGE = YES_ERROR;
				CLANG_WARN_DOCUMENTATION_COMMENTS = YES;
				CLANG_WARN_EMPTY_BODY = YES;
				CLANG_WARN_ENUM_CONVERSION = YES;
				CLANG_WARN_INFINITE_RECURSION = YES;
				CLANG_WARN_INT_CONVERSION = YES;
				CLANG_WARN_NON_LITERAL_NULL_CONVERSION = YES;
				CLANG_WARN_OBJC_IMPLICIT_RETAIN_SELF = YES;
				CLANG_WARN_OBJC_LITERAL_CONVERSION = YES;
				CLANG_WARN_OBJC_ROOT_CLASS = YES_ERROR;
				CLANG_WARN_RANGE_LOOP_ANALYSIS = YES;
				CLANG_WARN_STRICT_PROTOTYPES = YES;
				CLANG_WARN_SUSPICIOUS_MOVE = YES;
				CLANG_WARN_UNGUARDED_AVAILABILITY = YES_AGGRESSIVE;
				CLANG_WARN_UNREACHABLE_CODE = YES;
				CLANG_WARN__DUPLICATE_METHOD_MATCH = YES;
				CODE_SIGN_IDENTITY = "-";
				COPY_PHASE_STRIP = NO;
				DEBUG_INFORMATION_FORMAT = "dwarf-with-dsym";
				ENABLE_NS_ASSERTIONS = NO;
				ENABLE_STRICT_OBJC_MSGSEND = YES;
				GCC_C_LANGUAGE_STANDARD = gnu11;
				GCC_NO_COMMON_BLOCKS = YES;
				GCC_WARN_64_TO_32_BIT_CONVERSION = YES;
				GCC_WARN_ABOUT_RETURN_TYPE = YES_ERROR;
				GCC_WARN_UNDECLARED_SELECTOR = YES;
				GCC_WARN_UNINITIALIZED_AUTOS = YES_AGGRESSIVE;
				GCC_WARN_UNUSED_FUNCTION = YES;
				GCC_WARN_UNUSED_VARIABLE = YES;
				MACOSX_DEPLOYMENT_TARGET = 10.13;
				MTL_ENABLE_DEBUG_INFO = NO;
				SDKROOT = macosx;
			};
			name = Release;
		};
		B536F45F20E651DF00FC0185 /* Debug */ = {
			isa = XCBuildConfiguration;
			buildSettings = {
				CODE_SIGN_STYLE = Automatic;
				HEADER_SEARCH_PATHS = /usr/local/Cellar/armadillo/8.600.0/include;
				LIBRARY_SEARCH_PATHS = /usr/local/Cellar/armadillo/8.600.0/lib;
				OTHER_LDFLAGS = "-larmadillo";
				PRODUCT_NAME = "$(TARGET_NAME)";
			};
			name = Debug;
		};
		B536F46020E651DF00FC0185 /* Release */ = {
			isa = XCBuildConfiguration;
			buildSettings = {
				CODE_SIGN_STYLE = Automatic;
				HEADER_SEARCH_PATHS = /usr/local/Cellar/armadillo/8.600.0/include;
				LIBRARY_SEARCH_PATHS = /usr/local/Cellar/armadillo/8.600.0/lib;
				OTHER_LDFLAGS = "-larmadillo";
				PRODUCT_NAME = "$(TARGET_NAME)";
			};
			name = Release;
		};
/* End XCBuildConfiguration section */

/* Begin XCConfigurationList section */
		B536F45220E651DF00FC0185 /* Build configuration list for PBXProject "DSets-DBSCAN" */ = {
			isa = XCConfigurationList;
			buildConfigurations = (
				B536F45C20E651DF00FC0185 /* Debug */,
				B536F45D20E651DF00FC0185 /* Release */,
			);
			defaultConfigurationIsVisible = 0;
			defaultConfigurationName = Release;
		};
		B536F45E20E651DF00FC0185 /* Build configuration list for PBXNativeTarget "DSets-DBSCAN" */ = {
			isa = XCConfigurationList;
			buildConfigurations = (
				B536F45F20E651DF00FC0185 /* Debug */,
				B536F46020E651DF00FC0185 /* Release */,
			);
			defaultConfigurationIsVisible = 0;
			defaultConfigurationName = Release;
		};
/* End XCConfigurationList section */
	};
	rootObject = B536F44F20E651DF00FC0185 /* Project object */;
}
